
Microsoft Visual Studio Solution File, Format Version 12.00
# Visual Studio Version 16
VisualStudioVersion = 16.0.30717.126
MinimumVisualStudioVersion = 10.0.40219.1
Project("{FAE04EC0-301F-11D3-BF4B-00C04F79EFBC}") = "Darkrell.Pro.Blazor", "Darkrell.Pro.Blazor.csproj", "{15E38858-EB89-41C1-8E59-6BF448F35CB4}"
EndProject
Project("{FAE04EC0-301F-11D3-BF4B-00C04F79EFBC}") = "Example", "..\Example\Example.csproj", "{921A0A2E-F1CA-488F-94E7-B74352A4CBE8}"
EndProject
Global
	GlobalSection(SolutionConfigurationPlatforms) = preSolution
		Debug|Any CPU = Debug|Any CPU
		Release|Any CPU = Release|Any CPU
	EndGlobalSection
	GlobalSection(ProjectConfigurationPlatforms) = postSolution
		{15E38858-EB89-41C1-8E59-6BF448F35CB4}.Debug|Any CPU.ActiveCfg = Debug|Any CPU
		{15E38858-EB89-41C1-8E59-6BF448F35CB4}.Debug|Any CPU.Build.0 = Debug|Any CPU
		{15E38858-EB89-41C1-8E59-6BF448F35CB4}.Release|Any CPU.ActiveCfg = Release|Any CPU
		{15E38858-EB89-41C1-8E59-6BF448F35CB4}.Release|Any CPU.Build.0 = Release|Any CPU
		{921A0A2E-F1CA-488F-94E7-B74352A4CBE8}.Debug|Any CPU.ActiveCfg = Debug|Any CPU
		{921A0A2E-F1CA-488F-94E7-B74352A4CBE8}.Debug|Any CPU.Build.0 = Debug|Any CPU
		{921A0A2E-F1CA-488F-94E7-B74352A4CBE8}.Release|Any CPU.ActiveCfg = Release|Any CPU
		{921A0A2E-F1CA-488F-94E7-B74352A4CBE8}.Release|Any CPU.Build.0 = Release|Any CPU
	EndGlobalSection
	GlobalSection(SolutionProperties) = preSolution
		HideSolutionNode = FALSE
	EndGlobalSection
	GlobalSection(ExtensibilityGlobals) = postSolution
		SolutionGuid = {0B1946CF-CCF2-4AB4-9B1C-A0AEC5743AFF}
	EndGlobalSection
EndGlobal
